
Microsoft Visual Studio Solution File, Format Version 12.00
# Visual Studio 15
Project("{FAE04EC0-301F-11D3-BF4B-00C04F79EFBC}") = "TestApplication1", "TestApplication1\TestApplication1.csproj", "{94D378B4-DB5F-4416-9B36-91E3940965F5}"
EndProject
Global
	GlobalSection(SolutionConfigurationPlatforms) = preSolution
		Debug|Any CPU = Debug|Any CPU
		Release|Any CPU = Release|Any CPU
	EndGlobalSection
	GlobalSection(ProjectConfigurationPlatforms) = postSolution
		{94D378B4-DB5F-4416-9B36-91E3940965F5}.Debug|Any CPU.ActiveCfg = Debug|Any CPU
		{94D378B4-DB5F-4416-9B36-91E3940965F5}.Debug|Any CPU.Build.0 = Debug|Any CPU
		{94D378B4-DB5F-4416-9B36-91E3940965F5}.Release|Any CPU.ActiveCfg = Release|Any CPU
		{94D378B4-DB5F-4416-9B36-91E3940965F5}.Release|Any CPU.Build.0 = Release|Any CPU
	EndGlobalSection
EndGlobal
